
Microsoft Visual Studio Solution File, Format Version 12.00
# Visual Studio 14
VisualStudioVersion = 14.0.25420.1
MinimumVisualStudioVersion = 10.0.40219.1
Project("{8BC9CEB8-8B4A-11D0-8D11-00A0C91BC942}") = "SceneGraph", "SceneGraph\SceneGraph.vcxproj", "{AC4F1B8C-032E-4C37-BB2C-D783838A84B3}"
EndProject
Project("{8BC9CEB8-8B4A-11D0-8D11-00A0C91BC942}") = "SceneGraph.Test", "SceneGraph.Test\SceneGraph.Test.vcxproj", "{78070F77-D971-4A5E-A61E-2F2B079A7E94}"
EndProject
Project("{8BC9CEB8-8B4A-11D0-8D11-00A0C91BC942}") = "SceneGraph.DX12", "SceneGraph.DX12\SceneGraph.DX12.vcxproj", "{E8ED79D2-7B7C-4CE0-9767-D45B157C2495}"
EndProject
Project("{8BC9CEB8-8B4A-11D0-8D11-00A0C91BC942}") = "SceneGraph.DX12.Example", "SceneGraph.DX12.Example\SceneGraph.DX12.Example.vcxproj", "{2C74A359-4551-4594-B0A6-CCD545CD6411}"
EndProject
Global
	GlobalSection(SolutionConfigurationPlatforms) = preSolution
		Debug|x64 = Debug|x64
		Debug|x86 = Debug|x86
		Release|x64 = Release|x64
		Release|x86 = Release|x86
	EndGlobalSection
	GlobalSection(ProjectConfigurationPlatforms) = postSolution
		{AC4F1B8C-032E-4C37-BB2C-D783838A84B3}.Debug|x64.ActiveCfg = Debug|x64
		{AC4F1B8C-032E-4C37-BB2C-D783838A84B3}.Debug|x64.Build.0 = Debug|x64
		{AC4F1B8C-032E-4C37-BB2C-D783838A84B3}.Debug|x86.ActiveCfg = Debug|Win32
		{AC4F1B8C-032E-4C37-BB2C-D783838A84B3}.Debug|x86.Build.0 = Debug|Win32
		{AC4F1B8C-032E-4C37-BB2C-D783838A84B3}.Release|x64.ActiveCfg = Release|x64
		{AC4F1B8C-032E-4C37-BB2C-D783838A84B3}.Release|x64.Build.0 = Release|x64
		{AC4F1B8C-032E-4C37-BB2C-D783838A84B3}.Release|x86.ActiveCfg = Release|Win32
		{AC4F1B8C-032E-4C37-BB2C-D783838A84B3}.Release|x86.Build.0 = Release|Win32
		{78070F77-D971-4A5E-A61E-2F2B079A7E94}.Debug|x64.ActiveCfg = Debug|x64
		{78070F77-D971-4A5E-A61E-2F2B079A7E94}.Debug|x64.Build.0 = Debug|x64
		{78070F77-D971-4A5E-A61E-2F2B079A7E94}.Debug|x86.ActiveCfg = Debug|Win32
		{78070F77-D971-4A5E-A61E-2F2B079A7E94}.Debug|x86.Build.0 = Debug|Win32
		{78070F77-D971-4A5E-A61E-2F2B079A7E94}.Release|x64.ActiveCfg = Release|x64
		{78070F77-D971-4A5E-A61E-2F2B079A7E94}.Release|x64.Build.0 = Release|x64
		{78070F77-D971-4A5E-A61E-2F2B079A7E94}.Release|x86.ActiveCfg = Release|Win32
		{78070F77-D971-4A5E-A61E-2F2B079A7E94}.Release|x86.Build.0 = Release|Win32
		{E8ED79D2-7B7C-4CE0-9767-D45B157C2495}.Debug|x64.ActiveCfg = Debug|x64
		{E8ED79D2-7B7C-4CE0-9767-D45B157C2495}.Debug|x64.Build.0 = Debug|x64
		{E8ED79D2-7B7C-4CE0-9767-D45B157C2495}.Debug|x86.ActiveCfg = Debug|Win32
		{E8ED79D2-7B7C-4CE0-9767-D45B157C2495}.Debug|x86.Build.0 = Debug|Win32
		{E8ED79D2-7B7C-4CE0-9767-D45B157C2495}.Release|x64.ActiveCfg = Release|x64
		{E8ED79D2-7B7C-4CE0-9767-D45B157C2495}.Release|x64.Build.0 = Release|x64
		{E8ED79D2-7B7C-4CE0-9767-D45B157C2495}.Release|x86.ActiveCfg = Release|Win32
		{E8ED79D2-7B7C-4CE0-9767-D45B157C2495}.Release|x86.Build.0 = Release|Win32
		{2C74A359-4551-4594-B0A6-CCD545CD6411}.Debug|x64.ActiveCfg = Debug|x64
		{2C74A359-4551-4594-B0A6-CCD545CD6411}.Debug|x64.Build.0 = Debug|x64
		{2C74A359-4551-4594-B0A6-CCD545CD6411}.Debug|x86.ActiveCfg = Debug|Win32
		{2C74A359-4551-4594-B0A6-CCD545CD6411}.Debug|x86.Build.0 = Debug|Win32
		{2C74A359-4551-4594-B0A6-CCD545CD6411}.Release|x64.ActiveCfg = Release|x64
		{2C74A359-4551-4594-B0A6-CCD545CD6411}.Release|x64.Build.0 = Release|x64
		{2C74A359-4551-4594-B0A6-CCD545CD6411}.Release|x86.ActiveCfg = Release|Win32
		{2C74A359-4551-4594-B0A6-CCD545CD6411}.Release|x86.Build.0 = Release|Win32
	EndGlobalSection
	GlobalSection(SolutionProperties) = preSolution
		HideSolutionNode = FALSE
	EndGlobalSection
EndGlobal
